// !$*UTF8*$!
{
	archiveVersion = 1;
	classes = {
	};
	objectVersion = 46;
	objects = {

/* Begin PBXBuildFile section */
		8742A4C3E81A4D5BCE95EA95 /* Pods_FinalUITests.framework in Frameworks */ = {isa = PBXBuildFile; fileRef = 4F7501F0CEEB8FED4013A958 /* Pods_FinalUITests.framework */; };
		D12E8E0887EAB0628B4E6171 /* Pods_FinalTests.framework in Frameworks */ = {isa = PBXBuildFile; fileRef = 5FF02A5468EF28D3CB4939BE /* Pods_FinalTests.framework */; };
		D2512BBCCA022FED40DDC385 /* Pods_Final.framework in Frameworks */ = {isa = PBXBuildFile; fileRef = 8BEE16EF7F234EAD62188A2B /* Pods_Final.framework */; };
		F07D05B31EB4F0AE00BCEED6 /* ViewController.swift in Sources */ = {isa = PBXBuildFile; fileRef = F07D05B21EB4F0AE00BCEED6 /* ViewController.swift */; };
		F07D05B81EB4F85300BCEED6 /* GoogleService-Info.plist in Resources */ = {isa = PBXBuildFile; fileRef = F07D05B71EB4F85300BCEED6 /* GoogleService-Info.plist */; };
		F09E23DC1EB79951001C8B31 /* buttonsound.mp3 in Resources */ = {isa = PBXBuildFile; fileRef = F09E23D91EB79951001C8B31 /* buttonsound.mp3 */; };
		F09E23DD1EB79951001C8B31 /* correctsound.mp3 in Resources */ = {isa = PBXBuildFile; fileRef = F09E23DA1EB79951001C8B31 /* correctsound.mp3 */; };
		F09E23DE1EB79951001C8B31 /* errorsound.mp3 in Resources */ = {isa = PBXBuildFile; fileRef = F09E23DB1EB79951001C8B31 /* errorsound.mp3 */; };
		F09E23E01EB79958001C8B31 /* clearsound.mp3 in Resources */ = {isa = PBXBuildFile; fileRef = F09E23DF1EB79958001C8B31 /* clearsound.mp3 */; };
		F0E5CE821EAD0E3A003FB977 /* AppDelegate.swift in Sources */ = {isa = PBXBuildFile; fileRef = F0E5CE811EAD0E3A003FB977 /* AppDelegate.swift */; };
		F0E5CE871EAD0E3A003FB977 /* Main.storyboard in Resources */ = {isa = PBXBuildFile; fileRef = F0E5CE851EAD0E3A003FB977 /* Main.storyboard */; };
		F0E5CE891EAD0E3A003FB977 /* Assets.xcassets in Resources */ = {isa = PBXBuildFile; fileRef = F0E5CE881EAD0E3A003FB977 /* Assets.xcassets */; };
		F0E5CE8C1EAD0E3A003FB977 /* LaunchScreen.storyboard in Resources */ = {isa = PBXBuildFile; fileRef = F0E5CE8A1EAD0E3A003FB977 /* LaunchScreen.storyboard */; };
		F0E5CE971EAD0E3A003FB977 /* FinalTests.swift in Sources */ = {isa = PBXBuildFile; fileRef = F0E5CE961EAD0E3A003FB977 /* FinalTests.swift */; };
		F0E5CEA21EAD0E3A003FB977 /* FinalUITests.swift in Sources */ = {isa = PBXBuildFile; fileRef = F0E5CEA11EAD0E3A003FB977 /* FinalUITests.swift */; };
		F0E5CEB01EAD0EDF003FB977 /* SecondViewController.swift in Sources */ = {isa = PBXBuildFile; fileRef = F0E5CEAF1EAD0EDF003FB977 /* SecondViewController.swift */; };
/* End PBXBuildFile section */

/* Begin PBXContainerItemProxy section */
		F0E5CE931EAD0E3A003FB977 /* PBXContainerItemProxy */ = {
			isa = PBXContainerItemProxy;
			containerPortal = F0E5CE761EAD0E3A003FB977 /* Project object */;
			proxyType = 1;
			remoteGlobalIDString = F0E5CE7D1EAD0E3A003FB977;
			remoteInfo = Final;
		};
		F0E5CE9E1EAD0E3A003FB977 /* PBXContainerItemProxy */ = {
			isa = PBXContainerItemProxy;
			containerPortal = F0E5CE761EAD0E3A003FB977 /* Project object */;
			proxyType = 1;
			remoteGlobalIDString = F0E5CE7D1EAD0E3A003FB977;
			remoteInfo = Final;
		};
/* End PBXContainerItemProxy section */

/* Begin PBXFileReference section */
		2DA6FFD64D207BE8AB048A17 /* Pods-FinalTests.release.xcconfig */ = {isa = PBXFileReference; includeInIndex = 1; lastKnownFileType = text.xcconfig; name = "Pods-FinalTests.release.xcconfig"; path = "Pods/Target Support Files/Pods-FinalTests/Pods-FinalTests.release.xcconfig"; sourceTree = "<group>"; };
		2F5E96FB0BCEDE91D3E99AA2 /* Pods-Final.release.xcconfig */ = {isa = PBXFileReference; includeInIndex = 1; lastKnownFileType = text.xcconfig; name = "Pods-Final.release.xcconfig"; path = "Pods/Target Support Files/Pods-Final/Pods-Final.release.xcconfig"; sourceTree = "<group>"; };
		4F7501F0CEEB8FED4013A958 /* Pods_FinalUITests.framework */ = {isa = PBXFileReference; explicitFileType = wrapper.framework; includeInIndex = 0; path = Pods_FinalUITests.framework; sourceTree = BUILT_PRODUCTS_DIR; };
		5E10676FE60381015D2F6778 /* Pods-Final.debug.xcconfig */ = {isa = PBXFileReference; includeInIndex = 1; lastKnownFileType = text.xcconfig; name = "Pods-Final.debug.xcconfig"; path = "Pods/Target Support Files/Pods-Final/Pods-Final.debug.xcconfig"; sourceTree = "<group>"; };
		5FF02A5468EF28D3CB4939BE /* Pods_FinalTests.framework */ = {isa = PBXFileReference; explicitFileType = wrapper.framework; includeInIndex = 0; path = Pods_FinalTests.framework; sourceTree = BUILT_PRODUCTS_DIR; };
		8AEBA9832A5EA4F273DA716E /* Pods-FinalUITests.debug.xcconfig */ = {isa = PBXFileReference; includeInIndex = 1; lastKnownFileType = text.xcconfig; name = "Pods-FinalUITests.debug.xcconfig"; path = "Pods/Target Support Files/Pods-FinalUITests/Pods-FinalUITests.debug.xcconfig"; sourceTree = "<group>"; };
		8BEE16EF7F234EAD62188A2B /* Pods_Final.framework */ = {isa = PBXFileReference; explicitFileType = wrapper.framework; includeInIndex = 0; path = Pods_Final.framework; sourceTree = BUILT_PRODUCTS_DIR; };
		8EA8CD69273BC5CA44F38BF1 /* Pods-FinalUITests.release.xcconfig */ = {isa = PBXFileReference; includeInIndex = 1; lastKnownFileType = text.xcconfig; name = "Pods-FinalUITests.release.xcconfig"; path = "Pods/Target Support Files/Pods-FinalUITests/Pods-FinalUITests.release.xcconfig"; sourceTree = "<group>"; };
		C9DC894EE0C006BD3E80A91A /* Pods-FinalTests.debug.xcconfig */ = {isa = PBXFileReference; includeInIndex = 1; lastKnownFileType = text.xcconfig; name = "Pods-FinalTests.debug.xcconfig"; path = "Pods/Target Support Files/Pods-FinalTests/Pods-FinalTests.debug.xcconfig"; sourceTree = "<group>"; };
		F07D05B21EB4F0AE00BCEED6 /* ViewController.swift */ = {isa = PBXFileReference; fileEncoding = 4; lastKnownFileType = sourcecode.swift; path = ViewController.swift; sourceTree = "<group>"; };
		F07D05B71EB4F85300BCEED6 /* GoogleService-Info.plist */ = {isa = PBXFileReference; fileEncoding = 4; lastKnownFileType = text.plist.xml; path = "GoogleService-Info.plist"; sourceTree = "<group>"; };
		F082FD8C1EBAD18E00164DE4 /* ru */ = {isa = PBXFileReference; lastKnownFileType = text.plist.strings; name = ru; path = ru.lproj/Main.strings; sourceTree = "<group>"; };
		F082FD8D1EBAD18F00164DE4 /* ru */ = {isa = PBXFileReference; lastKnownFileType = text.plist.strings; name = ru; path = ru.lproj/LaunchScreen.strings; sourceTree = "<group>"; };
		F09E23D91EB79951001C8B31 /* buttonsound.mp3 */ = {isa = PBXFileReference; lastKnownFileType = audio.mp3; path = buttonsound.mp3; sourceTree = "<group>"; };
		F09E23DA1EB79951001C8B31 /* correctsound.mp3 */ = {isa = PBXFileReference; lastKnownFileType = audio.mp3; path = correctsound.mp3; sourceTree = "<group>"; };
		F09E23DB1EB79951001C8B31 /* errorsound.mp3 */ = {isa = PBXFileReference; lastKnownFileType = audio.mp3; path = errorsound.mp3; sourceTree = "<group>"; };
		F09E23DF1EB79958001C8B31 /* clearsound.mp3 */ = {isa = PBXFileReference; lastKnownFileType = audio.mp3; path = clearsound.mp3; sourceTree = "<group>"; };
		F0E5CE7E1EAD0E3A003FB977 /* Final.app */ = {isa = PBXFileReference; explicitFileType = wrapper.application; includeInIndex = 0; path = Final.app; sourceTree = BUILT_PRODUCTS_DIR; };
		F0E5CE811EAD0E3A003FB977 /* AppDelegate.swift */ = {isa = PBXFileReference; lastKnownFileType = sourcecode.swift; path = AppDelegate.swift; sourceTree = "<group>"; };
		F0E5CE861EAD0E3A003FB977 /* Base */ = {isa = PBXFileReference; lastKnownFileType = file.storyboard; name = Base; path = Base.lproj/Main.storyboard; sourceTree = "<group>"; };
		F0E5CE881EAD0E3A003FB977 /* Assets.xcassets */ = {isa = PBXFileReference; lastKnownFileType = folder.assetcatalog; path = Assets.xcassets; sourceTree = "<group>"; };
		F0E5CE8B1EAD0E3A003FB977 /* Base */ = {isa = PBXFileReference; lastKnownFileType = file.storyboard; name = Base; path = Base.lproj/LaunchScreen.storyboard; sourceTree = "<group>"; };
		F0E5CE8D1EAD0E3A003FB977 /* Info.plist */ = {isa = PBXFileReference; lastKnownFileType = text.plist.xml; path = Info.plist; sourceTree = "<group>"; };
		F0E5CE921EAD0E3A003FB977 /* FinalTests.xctest */ = {isa = PBXFileReference; explicitFileType = wrapper.cfbundle; includeInIndex = 0; path = FinalTests.xctest; sourceTree = BUILT_PRODUCTS_DIR; };
		F0E5CE961EAD0E3A003FB977 /* FinalTests.swift */ = {isa = PBXFileReference; lastKnownFileType = sourcecode.swift; path = FinalTests.swift; sourceTree = "<group>"; };
		F0E5CE981EAD0E3A003FB977 /* Info.plist */ = {isa = PBXFileReference; lastKnownFileType = text.plist.xml; path = Info.plist; sourceTree = "<group>"; };
		F0E5CE9D1EAD0E3A003FB977 /* FinalUITests.xctest */ = {isa = PBXFileReference; explicitFileType = wrapper.cfbundle; includeInIndex = 0; path = FinalUITests.xctest; sourceTree = BUILT_PRODUCTS_DIR; };
		F0E5CEA11EAD0E3A003FB977 /* FinalUITests.swift */ = {isa = PBXFileReference; lastKnownFileType = sourcecode.swift; path = FinalUITests.swift; sourceTree = "<group>"; };
		F0E5CEA31EAD0E3A003FB977 /* Info.plist */ = {isa = PBXFileReference; lastKnownFileType = text.plist.xml; path = Info.plist; sourceTree = "<group>"; };
		F0E5CEAF1EAD0EDF003FB977 /* SecondViewController.swift */ = {isa = PBXFileReference; fileEncoding = 4; lastKnownFileType = sourcecode.swift; path = SecondViewController.swift; sourceTree = "<group>"; };
/* End PBXFileReference section */

/* Begin PBXFrameworksBuildPhase section */
		F0E5CE7B1EAD0E3A003FB977 /* Frameworks */ = {
			isa = PBXFrameworksBuildPhase;
			buildActionMask = 2147483647;
			files = (
				D2512BBCCA022FED40DDC385 /* Pods_Final.framework in Frameworks */,
			);
			runOnlyForDeploymentPostprocessing = 0;
		};
		F0E5CE8F1EAD0E3A003FB977 /* Frameworks */ = {
			isa = PBXFrameworksBuildPhase;
			buildActionMask = 2147483647;
			files = (
				D12E8E0887EAB0628B4E6171 /* Pods_FinalTests.framework in Frameworks */,
			);
			runOnlyForDeploymentPostprocessing = 0;
		};
		F0E5CE9A1EAD0E3A003FB977 /* Frameworks */ = {
			isa = PBXFrameworksBuildPhase;
			buildActionMask = 2147483647;
			files = (
				8742A4C3E81A4D5BCE95EA95 /* Pods_FinalUITests.framework in Frameworks */,
			);
			runOnlyForDeploymentPostprocessing = 0;
		};
/* End PBXFrameworksBuildPhase section */

/* Begin PBXGroup section */
		40373ECE79C9EA16B32EEF8D /* Frameworks */ = {
			isa = PBXGroup;
			children = (
				8BEE16EF7F234EAD62188A2B /* Pods_Final.framework */,
				5FF02A5468EF28D3CB4939BE /* Pods_FinalTests.framework */,
				4F7501F0CEEB8FED4013A958 /* Pods_FinalUITests.framework */,
			);
			name = Frameworks;
			sourceTree = "<group>";
		};
		F087968A1EB24F6B008634D0 /* sound */ = {
			isa = PBXGroup;
			children = (
				F09E23D91EB79951001C8B31 /* buttonsound.mp3 */,
				F09E23DF1EB79958001C8B31 /* clearsound.mp3 */,
				F09E23DA1EB79951001C8B31 /* correctsound.mp3 */,
				F09E23DB1EB79951001C8B31 /* errorsound.mp3 */,
			);
			name = sound;
			path = Final;
			sourceTree = "<group>";
		};
		F0E5CE751EAD0E3A003FB977 = {
			isa = PBXGroup;
			children = (
				F0E5CE801EAD0E3A003FB977 /* Final */,
				F087968A1EB24F6B008634D0 /* sound */,
				F0E5CE951EAD0E3A003FB977 /* FinalTests */,
				F0E5CEA01EAD0E3A003FB977 /* FinalUITests */,
				F0E5CE7F1EAD0E3A003FB977 /* Products */,
				FAC2D61652906B8683F30B5B /* Pods */,
				40373ECE79C9EA16B32EEF8D /* Frameworks */,
			);
			sourceTree = "<group>";
		};
		F0E5CE7F1EAD0E3A003FB977 /* Products */ = {
			isa = PBXGroup;
			children = (
				F0E5CE7E1EAD0E3A003FB977 /* Final.app */,
				F0E5CE921EAD0E3A003FB977 /* FinalTests.xctest */,
				F0E5CE9D1EAD0E3A003FB977 /* FinalUITests.xctest */,
			);
			name = Products;
			sourceTree = "<group>";
		};
		F0E5CE801EAD0E3A003FB977 /* Final */ = {
			isa = PBXGroup;
			children = (
				F0E5CE811EAD0E3A003FB977 /* AppDelegate.swift */,
				F07D05B21EB4F0AE00BCEED6 /* ViewController.swift */,
				F0E5CEAF1EAD0EDF003FB977 /* SecondViewController.swift */,
				F0E5CE851EAD0E3A003FB977 /* Main.storyboard */,
				F07D05B71EB4F85300BCEED6 /* GoogleService-Info.plist */,
				F0E5CE881EAD0E3A003FB977 /* Assets.xcassets */,
				F0E5CE8A1EAD0E3A003FB977 /* LaunchScreen.storyboard */,
				F0E5CE8D1EAD0E3A003FB977 /* Info.plist */,
			);
			path = Final;
			sourceTree = "<group>";
		};
		F0E5CE951EAD0E3A003FB977 /* FinalTests */ = {
			isa = PBXGroup;
			children = (
				F0E5CE961EAD0E3A003FB977 /* FinalTests.swift */,
				F0E5CE981EAD0E3A003FB977 /* Info.plist */,
			);
			path = FinalTests;
			sourceTree = "<group>";
		};
		F0E5CEA01EAD0E3A003FB977 /* FinalUITests */ = {
			isa = PBXGroup;
			children = (
				F0E5CEA11EAD0E3A003FB977 /* FinalUITests.swift */,
				F0E5CEA31EAD0E3A003FB977 /* Info.plist */,
			);
			path = FinalUITests;
			sourceTree = "<group>";
		};
		FAC2D61652906B8683F30B5B /* Pods */ = {
			isa = PBXGroup;
			children = (
				5E10676FE60381015D2F6778 /* Pods-Final.debug.xcconfig */,
				2F5E96FB0BCEDE91D3E99AA2 /* Pods-Final.release.xcconfig */,
				C9DC894EE0C006BD3E80A91A /* Pods-FinalTests.debug.xcconfig */,
				2DA6FFD64D207BE8AB048A17 /* Pods-FinalTests.release.xcconfig */,
				8AEBA9832A5EA4F273DA716E /* Pods-FinalUITests.debug.xcconfig */,
				8EA8CD69273BC5CA44F38BF1 /* Pods-FinalUITests.release.xcconfig */,
			);
			name = Pods;
			sourceTree = "<group>";
		};
/* End PBXGroup section */

/* Begin PBXNativeTarget section */
		F0E5CE7D1EAD0E3A003FB977 /* Final */ = {
			isa = PBXNativeTarget;
			buildConfigurationList = F0E5CEA61EAD0E3A003FB977 /* Build configuration list for PBXNativeTarget "Final" */;
			buildPhases = (
				67E306CEE468C10225F8ABEF /* [CP] Check Pods Manifest.lock */,
				F0E5CE7A1EAD0E3A003FB977 /* Sources */,
				F0E5CE7B1EAD0E3A003FB977 /* Frameworks */,
				F0E5CE7C1EAD0E3A003FB977 /* Resources */,
				B62671E106240E2771D9A076 /* [CP] Embed Pods Frameworks */,
				6122B4E9F79A39490146D1EA /* [CP] Copy Pods Resources */,
			);
			buildRules = (
			);
			dependencies = (
			);
			name = Final;
			productName = Final;
			productReference = F0E5CE7E1EAD0E3A003FB977 /* Final.app */;
			productType = "com.apple.product-type.application";
		};
		F0E5CE911EAD0E3A003FB977 /* FinalTests */ = {
			isa = PBXNativeTarget;
			buildConfigurationList = F0E5CEA91EAD0E3A003FB977 /* Build configuration list for PBXNativeTarget "FinalTests" */;
			buildPhases = (
				EB4E4090EB20A138E5C7DE88 /* [CP] Check Pods Manifest.lock */,
				F0E5CE8E1EAD0E3A003FB977 /* Sources */,
				F0E5CE8F1EAD0E3A003FB977 /* Frameworks */,
				F0E5CE901EAD0E3A003FB977 /* Resources */,
				C56F17F8C416B4C3627597CE /* [CP] Embed Pods Frameworks */,
				02F2A7BD229BE64F0F916646 /* [CP] Copy Pods Resources */,
			);
			buildRules = (
			);
			dependencies = (
				F0E5CE941EAD0E3A003FB977 /* PBXTargetDependency */,
			);
			name = FinalTests;
			productName = FinalTests;
			productReference = F0E5CE921EAD0E3A003FB977 /* FinalTests.xctest */;
			productType = "com.apple.product-type.bundle.unit-test";
		};
		F0E5CE9C1EAD0E3A003FB977 /* FinalUITests */ = {
			isa = PBXNativeTarget;
			buildConfigurationList = F0E5CEAC1EAD0E3A003FB977 /* Build configuration list for PBXNativeTarget "FinalUITests" */;
			buildPhases = (
				11AFFF2B111E49BE4EC3FAE1 /* [CP] Check Pods Manifest.lock */,
				F0E5CE991EAD0E3A003FB977 /* Sources */,
				F0E5CE9A1EAD0E3A003FB977 /* Frameworks */,
				F0E5CE9B1EAD0E3A003FB977 /* Resources */,
				F30E146EA9854FAF4653C9CA /* [CP] Embed Pods Frameworks */,
				2E8E7C9D5C6EFE28D549EE31 /* [CP] Copy Pods Resources */,
			);
			buildRules = (
			);
			dependencies = (
				F0E5CE9F1EAD0E3A003FB977 /* PBXTargetDependency */,
			);
			name = FinalUITests;
			productName = FinalUITests;
			productReference = F0E5CE9D1EAD0E3A003FB977 /* FinalUITests.xctest */;
			productType = "com.apple.product-type.bundle.ui-testing";
		};
/* End PBXNativeTarget section */

/* Begin PBXProject section */
		F0E5CE761EAD0E3A003FB977 /* Project object */ = {
			isa = PBXProject;
			attributes = {
				LastSwiftUpdateCheck = 0810;
				LastUpgradeCheck = 0810;
				ORGANIZATIONNAME = Zholdas;
				TargetAttributes = {
					F0E5CE7D1EAD0E3A003FB977 = {
						CreatedOnToolsVersion = 8.1;
						DevelopmentTeam = XEVNGP4NB6;
						ProvisioningStyle = Automatic;
					};
					F0E5CE911EAD0E3A003FB977 = {
						CreatedOnToolsVersion = 8.1;
						DevelopmentTeam = XEVNGP4NB6;
						ProvisioningStyle = Automatic;
						TestTargetID = F0E5CE7D1EAD0E3A003FB977;
					};
					F0E5CE9C1EAD0E3A003FB977 = {
						CreatedOnToolsVersion = 8.1;
						ProvisioningStyle = Automatic;
						TestTargetID = F0E5CE7D1EAD0E3A003FB977;
					};
				};
			};
			buildConfigurationList = F0E5CE791EAD0E3A003FB977 /* Build configuration list for PBXProject "Final" */;
			compatibilityVersion = "Xcode 3.2";
			developmentRegion = English;
			hasScannedForEncodings = 0;
			knownRegions = (
				en,
				Base,
			);
			mainGroup = F0E5CE751EAD0E3A003FB977;
			productRefGroup = F0E5CE7F1EAD0E3A003FB977 /* Products */;
			projectDirPath = "";
			projectRoot = "";
			targets = (
				F0E5CE7D1EAD0E3A003FB977 /* Final */,
				F0E5CE911EAD0E3A003FB977 /* FinalTests */,
				F0E5CE9C1EAD0E3A003FB977 /* FinalUITests */,
			);
		};
/* End PBXProject section */

/* Begin PBXResourcesBuildPhase section */
		F0E5CE7C1EAD0E3A003FB977 /* Resources */ = {
			isa = PBXResourcesBuildPhase;
			buildActionMask = 2147483647;
			files = (
				F09E23E01EB79958001C8B31 /* clearsound.mp3 in Resources */,
				F09E23DD1EB79951001C8B31 /* correctsound.mp3 in Resources */,
				F07D05B81EB4F85300BCEED6 /* GoogleService-Info.plist in Resources */,
				F09E23DC1EB79951001C8B31 /* buttonsound.mp3 in Resources */,
				F0E5CE8C1EAD0E3A003FB977 /* LaunchScreen.storyboard in Resources */,
				F0E5CE891EAD0E3A003FB977 /* Assets.xcassets in Resources */,
				F0E5CE871EAD0E3A003FB977 /* Main.storyboard in Resources */,
				F09E23DE1EB79951001C8B31 /* errorsound.mp3 in Resources */,
			);
			runOnlyForDeploymentPostprocessing = 0;
		};
		F0E5CE901EAD0E3A003FB977 /* Resources */ = {
			isa = PBXResourcesBuildPhase;
			buildActionMask = 2147483647;
			files = (
			);
			runOnlyForDeploymentPostprocessing = 0;
		};
		F0E5CE9B1EAD0E3A003FB977 /* Resources */ = {
			isa = PBXResourcesBuildPhase;
			buildActionMask = 2147483647;
			files = (
			);
			runOnlyForDeploymentPostprocessing = 0;
		};
/* End PBXResourcesBuildPhase section */

/* Begin PBXShellScriptBuildPhase section */
		02F2A7BD229BE64F0F916646 /* [CP] Copy Pods Resources */ = {
			isa = PBXShellScriptBuildPhase;
			buildActionMask = 2147483647;
			files = (
			);
			inputPaths = (
			);
			name = "[CP] Copy Pods Resources";
			outputPaths = (
			);
			runOnlyForDeploymentPostprocessing = 0;
			shellPath = /bin/sh;
			shellScript = "\"${SRCROOT}/Pods/Target Support Files/Pods-FinalTests/Pods-FinalTests-resources.sh\"\n";
			showEnvVarsInLog = 0;
		};
		11AFFF2B111E49BE4EC3FAE1 /* [CP] Check Pods Manifest.lock */ = {
			isa = PBXShellScriptBuildPhase;
			buildActionMask = 2147483647;
			files = (
			);
			inputPaths = (
			);
			name = "[CP] Check Pods Manifest.lock";
			outputPaths = (
			);
			runOnlyForDeploymentPostprocessing = 0;
			shellPath = /bin/sh;
			shellScript = "diff \"${PODS_ROOT}/../Podfile.lock\" \"${PODS_ROOT}/Manifest.lock\" > /dev/null\nif [ $? != 0 ] ; then\n    # print error to STDERR\n    echo \"error: The sandbox is not in sync with the Podfile.lock. Run 'pod install' or update your CocoaPods installation.\" >&2\n    exit 1\nfi\n";
			showEnvVarsInLog = 0;
		};
		2E8E7C9D5C6EFE28D549EE31 /* [CP] Copy Pods Resources */ = {
			isa = PBXShellScriptBuildPhase;
			buildActionMask = 2147483647;
			files = (
			);
			inputPaths = (
			);
			name = "[CP] Copy Pods Resources";
			outputPaths = (
			);
			runOnlyForDeploymentPostprocessing = 0;
			shellPath = /bin/sh;
			shellScript = "\"${SRCROOT}/Pods/Target Support Files/Pods-FinalUITests/Pods-FinalUITests-resources.sh\"\n";
			showEnvVarsInLog = 0;
		};
		6122B4E9F79A39490146D1EA /* [CP] Copy Pods Resources */ = {
			isa = PBXShellScriptBuildPhase;
			buildActionMask = 2147483647;
			files = (
			);
			inputPaths = (
			);
			name = "[CP] Copy Pods Resources";
			outputPaths = (
			);
			runOnlyForDeploymentPostprocessing = 0;
			shellPath = /bin/sh;
			shellScript = "\"${SRCROOT}/Pods/Target Support Files/Pods-Final/Pods-Final-resources.sh\"\n";
			showEnvVarsInLog = 0;
		};
		67E306CEE468C10225F8ABEF /* [CP] Check Pods Manifest.lock */ = {
			isa = PBXShellScriptBuildPhase;
			buildActionMask = 2147483647;
			files = (
			);
			inputPaths = (
			);
			name = "[CP] Check Pods Manifest.lock";
			outputPaths = (
			);
			runOnlyForDeploymentPostprocessing = 0;
			shellPath = /bin/sh;
			shellScript = "diff \"${PODS_ROOT}/../Podfile.lock\" \"${PODS_ROOT}/Manifest.lock\" > /dev/null\nif [ $? != 0 ] ; then\n    # print error to STDERR\n    echo \"error: The sandbox is not in sync with the Podfile.lock. Run 'pod install' or update your CocoaPods installation.\" >&2\n    exit 1\nfi\n";
			showEnvVarsInLog = 0;
		};
		B62671E106240E2771D9A076 /* [CP] Embed Pods Frameworks */ = {
			isa = PBXShellScriptBuildPhase;
			buildActionMask = 2147483647;
			files = (
			);
			inputPaths = (
			);
			name = "[CP] Embed Pods Frameworks";
			outputPaths = (
			);
			runOnlyForDeploymentPostprocessing = 0;
			shellPath = /bin/sh;
			shellScript = "\"${SRCROOT}/Pods/Target Support Files/Pods-Final/Pods-Final-frameworks.sh\"\n";
			showEnvVarsInLog = 0;
		};
		C56F17F8C416B4C3627597CE /* [CP] Embed Pods Frameworks */ = {
			isa = PBXShellScriptBuildPhase;
			buildActionMask = 2147483647;
			files = (
			);
			inputPaths = (
			);
			name = "[CP] Embed Pods Frameworks";
			outputPaths = (
			);
			runOnlyForDeploymentPostprocessing = 0;
			shellPath = /bin/sh;
			shellScript = "\"${SRCROOT}/Pods/Target Support Files/Pods-FinalTests/Pods-FinalTests-frameworks.sh\"\n";
			showEnvVarsInLog = 0;
		};
		EB4E4090EB20A138E5C7DE88 /* [CP] Check Pods Manifest.lock */ = {
			isa = PBXShellScriptBuildPhase;
			buildActionMask = 2147483647;
			files = (
			);
			inputPaths = (
			);
			name = "[CP] Check Pods Manifest.lock";
			outputPaths = (
			);
			runOnlyForDeploymentPostprocessing = 0;
			shellPath = /bin/sh;
			shellScript = "diff \"${PODS_ROOT}/../Podfile.lock\" \"${PODS_ROOT}/Manifest.lock\" > /dev/null\nif [ $? != 0 ] ; then\n    # print error to STDERR\n    echo \"error: The sandbox is not in sync with the Podfile.lock. Run 'pod install' or update your CocoaPods installation.\" >&2\n    exit 1\nfi\n";
			showEnvVarsInLog = 0;
		};
		F30E146EA9854FAF4653C9CA /* [CP] Embed Pods Frameworks */ = {
			isa = PBXShellScriptBuildPhase;
			buildActionMask = 2147483647;
			files = (
			);
			inputPaths = (
			);
			name = "[CP] Embed Pods Frameworks";
			outputPaths = (
			);
			runOnlyForDeploymentPostprocessing = 0;
			shellPath = /bin/sh;
			shellScript = "\"${SRCROOT}/Pods/Target Support Files/Pods-FinalUITests/Pods-FinalUITests-frameworks.sh\"\n";
			showEnvVarsInLog = 0;
		};
/* End PBXShellScriptBuildPhase section */

/* Begin PBXSourcesBuildPhase section */
		F0E5CE7A1EAD0E3A003FB977 /* Sources */ = {
			isa = PBXSourcesBuildPhase;
			buildActionMask = 2147483647;
			files = (
				F07D05B31EB4F0AE00BCEED6 /* ViewController.swift in Sources */,
				F0E5CEB01EAD0EDF003FB977 /* SecondViewController.swift in Sources */,
				F0E5CE821EAD0E3A003FB977 /* AppDelegate.swift in Sources */,
			);
			runOnlyForDeploymentPostprocessing = 0;
		};
		F0E5CE8E1EAD0E3A003FB977 /* Sources */ = {
			isa = PBXSourcesBuildPhase;
			buildActionMask = 2147483647;
			files = (
				F0E5CE971EAD0E3A003FB977 /* FinalTests.swift in Sources */,
			);
			runOnlyForDeploymentPostprocessing = 0;
		};
		F0E5CE991EAD0E3A003FB977 /* Sources */ = {
			isa = PBXSourcesBuildPhase;
			buildActionMask = 2147483647;
			files = (
				F0E5CEA21EAD0E3A003FB977 /* FinalUITests.swift in Sources */,
			);
			runOnlyForDeploymentPostprocessing = 0;
		};
/* End PBXSourcesBuildPhase section */

/* Begin PBXTargetDependency section */
		F0E5CE941EAD0E3A003FB977 /* PBXTargetDependency */ = {
			isa = PBXTargetDependency;
			target = F0E5CE7D1EAD0E3A003FB977 /* Final */;
			targetProxy = F0E5CE931EAD0E3A003FB977 /* PBXContainerItemProxy */;
		};
		F0E5CE9F1EAD0E3A003FB977 /* PBXTargetDependency */ = {
			isa = PBXTargetDependency;
			target = F0E5CE7D1EAD0E3A003FB977 /* Final */;
			targetProxy = F0E5CE9E1EAD0E3A003FB977 /* PBXContainerItemProxy */;
		};
/* End PBXTargetDependency section */

/* Begin PBXVariantGroup section */
		F0E5CE851EAD0E3A003FB977 /* Main.storyboard */ = {
			isa = PBXVariantGroup;
			children = (
				F0E5CE861EAD0E3A003FB977 /* Base */,
				F082FD8C1EBAD18E00164DE4 /* ru */,
			);
			name = Main.storyboard;
			sourceTree = "<group>";
		};
		F0E5CE8A1EAD0E3A003FB977 /* LaunchScreen.storyboard */ = {
			isa = PBXVariantGroup;
			children = (
				F0E5CE8B1EAD0E3A003FB977 /* Base */,
				F082FD8D1EBAD18F00164DE4 /* ru */,
			);
			name = LaunchScreen.storyboard;
			sourceTree = "<group>";
		};
/* End PBXVariantGroup section */

/* Begin XCBuildConfiguration section */
		F0E5CEA41EAD0E3A003FB977 /* Debug */ = {
			isa = XCBuildConfiguration;
			buildSettings = {
				ALWAYS_SEARCH_USER_PATHS = NO;
				CLANG_ANALYZER_LOCALIZABILITY_NONLOCALIZED = YES;
				CLANG_ANALYZER_NONNULL = YES;
				CLANG_CXX_LANGUAGE_STANDARD = "gnu++0x";
				CLANG_CXX_LIBRARY = "libc++";
				CLANG_ENABLE_MODULES = YES;
				CLANG_ENABLE_OBJC_ARC = YES;
				CLANG_WARN_BOOL_CONVERSION = YES;
				CLANG_WARN_CONSTANT_CONVERSION = YES;
				CLANG_WARN_DIRECT_OBJC_ISA_USAGE = YES_ERROR;
				CLANG_WARN_DOCUMENTATION_COMMENTS = YES;
				CLANG_WARN_EMPTY_BODY = YES;
				CLANG_WARN_ENUM_CONVERSION = YES;
				CLANG_WARN_INFINITE_RECURSION = YES;
				CLANG_WARN_INT_CONVERSION = YES;
				CLANG_WARN_OBJC_ROOT_CLASS = YES_ERROR;
				CLANG_WARN_SUSPICIOUS_MOVE = YES;
				CLANG_WARN_SUSPICIOUS_MOVES = YES;
				CLANG_WARN_UNREACHABLE_CODE = YES;
				CLANG_WARN__DUPLICATE_METHOD_MATCH = YES;
				"CODE_SIGN_IDENTITY[sdk=iphoneos*]" = "iPhone Developer";
				COPY_PHASE_STRIP = NO;
				DEBUG_INFORMATION_FORMAT = dwarf;
				ENABLE_STRICT_OBJC_MSGSEND = YES;
				ENABLE_TESTABILITY = YES;
				GCC_C_LANGUAGE_STANDARD = gnu99;
				GCC_DYNAMIC_NO_PIC = NO;
				GCC_NO_COMMON_BLOCKS = YES;
				GCC_OPTIMIZATION_LEVEL = 0;
				GCC_PREPROCESSOR_DEFINITIONS = (
					"DEBUG=1",
					"$(inherited)",
				);
				GCC_WARN_64_TO_32_BIT_CONVERSION = YES;
				GCC_WARN_ABOUT_RETURN_TYPE = YES_ERROR;
				GCC_WARN_UNDECLARED_SELECTOR = YES;
				GCC_WARN_UNINITIALIZED_AUTOS = YES_AGGRESSIVE;
				GCC_WARN_UNUSED_FUNCTION = YES;
				GCC_WARN_UNUSED_VARIABLE = YES;
				IPHONEOS_DEPLOYMENT_TARGET = 10.1;
				MTL_ENABLE_DEBUG_INFO = YES;
				ONLY_ACTIVE_ARCH = YES;
				SDKROOT = iphoneos;
				SWIFT_ACTIVE_COMPILATION_CONDITIONS = DEBUG;
				SWIFT_OPTIMIZATION_LEVEL = "-Onone";
			};
			name = Debug;
		};
		F0E5CEA51EAD0E3A003FB977 /* Release */ = {
			isa = XCBuildConfiguration;
			buildSettings = {
				ALWAYS_SEARCH_USER_PATHS = NO;
				CLANG_ANALYZER_LOCALIZABILITY_NONLOCALIZED = YES;
				CLANG_ANALYZER_NONNULL = YES;
				CLANG_CXX_LANGUAGE_STANDARD = "gnu++0x";
				CLANG_CXX_LIBRARY = "libc++";
				CLANG_ENABLE_MODULES = YES;
				CLANG_ENABLE_OBJC_ARC = YES;
				CLANG_WARN_BOOL_CONVERSION = YES;
				CLANG_WARN_CONSTANT_CONVERSION = YES;
				CLANG_WARN_DIRECT_OBJC_ISA_USAGE = YES_ERROR;
				CLANG_WARN_DOCUMENTATION_COMMENTS = YES;
				CLANG_WARN_EMPTY_BODY = YES;
				CLANG_WARN_ENUM_CONVERSION = YES;
				CLANG_WARN_INFINITE_RECURSION = YES;
				CLANG_WARN_INT_CONVERSION = YES;
				CLANG_WARN_OBJC_ROOT_CLASS = YES_ERROR;
				CLANG_WARN_SUSPICIOUS_MOVE = YES;
				CLANG_WARN_SUSPICIOUS_MOVES = YES;
				CLANG_WARN_UNREACHABLE_CODE = YES;
				CLANG_WARN__DUPLICATE_METHOD_MATCH = YES;
				"CODE_SIGN_IDENTITY[sdk=iphoneos*]" = "iPhone Developer";
				COPY_PHASE_STRIP = NO;
				DEBUG_INFORMATION_FORMAT = "dwarf-with-dsym";
				ENABLE_NS_ASSERTIONS = NO;
				ENABLE_STRICT_OBJC_MSGSEND = YES;
				GCC_C_LANGUAGE_STANDARD = gnu99;
				GCC_NO_COMMON_BLOCKS = YES;
				GCC_WARN_64_TO_32_BIT_CONVERSION = YES;
				GCC_WARN_ABOUT_RETURN_TYPE = YES_ERROR;
				GCC_WARN_UNDECLARED_SELECTOR = YES;
				GCC_WARN_UNINITIALIZED_AUTOS = YES_AGGRESSIVE;
				GCC_WARN_UNUSED_FUNCTION = YES;
				GCC_WARN_UNUSED_VARIABLE = YES;
				IPHONEOS_DEPLOYMENT_TARGET = 10.1;
				MTL_ENABLE_DEBUG_INFO = NO;
				SDKROOT = iphoneos;
				SWIFT_OPTIMIZATION_LEVEL = "-Owholemodule";
				VALIDATE_PRODUCT = YES;
			};
			name = Release;
		};
		F0E5CEA71EAD0E3A003FB977 /* Debug */ = {
			isa = XCBuildConfiguration;
			baseConfigurationReference = 5E10676FE60381015D2F6778 /* Pods-Final.debug.xcconfig */;
			buildSettings = {
				ASSETCATALOG_COMPILER_APPICON_NAME = AppIcon;
				DEVELOPMENT_TEAM = XEVNGP4NB6;
				INFOPLIST_FILE = Final/Info.plist;
				IPHONEOS_DEPLOYMENT_TARGET = 10.1;
				LD_RUNPATH_SEARCH_PATHS = "$(inherited) @executable_path/Frameworks";
				PRODUCT_BUNDLE_IDENTIFIER = Zholdas.Final;
				PRODUCT_NAME = "$(TARGET_NAME)";
				SWIFT_VERSION = 3.0;
				TARGETED_DEVICE_FAMILY = 1;
			};
			name = Debug;
		};
		F0E5CEA81EAD0E3A003FB977 /* Release */ = {
			isa = XCBuildConfiguration;
			baseConfigurationReference = 2F5E96FB0BCEDE91D3E99AA2 /* Pods-Final.release.xcconfig */;
			buildSettings = {
				ASSETCATALOG_COMPILER_APPICON_NAME = AppIcon;
				DEVELOPMENT_TEAM = XEVNGP4NB6;
				INFOPLIST_FILE = Final/Info.plist;
				IPHONEOS_DEPLOYMENT_TARGET = 10.1;
				LD_RUNPATH_SEARCH_PATHS = "$(inherited) @executable_path/Frameworks";
				PRODUCT_BUNDLE_IDENTIFIER = Zholdas.Final;
				PRODUCT_NAME = "$(TARGET_NAME)";
				SWIFT_VERSION = 3.0;
				TARGETED_DEVICE_FAMILY = 1;
			};
			name = Release;
		};
		F0E5CEAA1EAD0E3A003FB977 /* Debug */ = {
			isa = XCBuildConfiguration;
			baseConfigurationReference = C9DC894EE0C006BD3E80A91A /* Pods-FinalTests.debug.xcconfig */;
			buildSettings = {
				ALWAYS_EMBED_SWIFT_STANDARD_LIBRARIES = YES;
				BUNDLE_LOADER = "$(TEST_HOST)";
				DEVELOPMENT_TEAM = XEVNGP4NB6;
				INFOPLIST_FILE = FinalTests/Info.plist;
				LD_RUNPATH_SEARCH_PATHS = "$(inherited) @executable_path/Frameworks @loader_path/Frameworks";
				PRODUCT_BUNDLE_IDENTIFIER = Zholdas.FinalTests;
				PRODUCT_NAME = "$(TARGET_NAME)";
				SWIFT_VERSION = 3.0;
				TEST_HOST = "$(BUILT_PRODUCTS_DIR)/Final.app/Final";
			};
			name = Debug;
		};
		F0E5CEAB1EAD0E3A003FB977 /* Release */ = {
			isa = XCBuildConfiguration;
			baseConfigurationReference = 2DA6FFD64D207BE8AB048A17 /* Pods-FinalTests.release.xcconfig */;
			buildSettings = {
				ALWAYS_EMBED_SWIFT_STANDARD_LIBRARIES = YES;
				BUNDLE_LOADER = "$(TEST_HOST)";
				DEVELOPMENT_TEAM = XEVNGP4NB6;
				INFOPLIST_FILE = FinalTests/Info.plist;
				LD_RUNPATH_SEARCH_PATHS = "$(inherited) @executable_path/Frameworks @loader_path/Frameworks";
				PRODUCT_BUNDLE_IDENTIFIER = Zholdas.FinalTests;
				PRODUCT_NAME = "$(TARGET_NAME)";
				SWIFT_VERSION = 3.0;
				TEST_HOST = "$(BUILT_PRODUCTS_DIR)/Final.app/Final";
			};
			name = Release;
		};
		F0E5CEAD1EAD0E3A003FB977 /* Debug */ = {
			isa = XCBuildConfiguration;
			baseConfigurationReference = 8AEBA9832A5EA4F273DA716E /* Pods-FinalUITests.debug.xcconfig */;
			buildSettings = {
				ALWAYS_EMBED_SWIFT_STANDARD_LIBRARIES = YES;
				INFOPLIST_FILE = FinalUITests/Info.plist;
				LD_RUNPATH_SEARCH_PATHS = "$(inherited) @executable_path/Frameworks @loader_path/Frameworks";
				PRODUCT_BUNDLE_IDENTIFIER = Zholdas.FinalUITests;
				PRODUCT_NAME = "$(TARGET_NAME)";
				SWIFT_VERSION = 3.0;
				TEST_TARGET_NAME = Final;
			};
			name = Debug;
		};
		F0E5CEAE1EAD0E3A003FB977 /* Release */ = {
			isa = XCBuildConfiguration;
			baseConfigurationReference = 8EA8CD69273BC5CA44F38BF1 /* Pods-FinalUITests.release.xcconfig */;
			buildSettings = {
				ALWAYS_EMBED_SWIFT_STANDARD_LIBRARIES = YES;
				INFOPLIST_FILE = FinalUITests/Info.plist;
				LD_RUNPATH_SEARCH_PATHS = "$(inherited) @executable_path/Frameworks @loader_path/Frameworks";
				PRODUCT_BUNDLE_IDENTIFIER = Zholdas.FinalUITests;
				PRODUCT_NAME = "$(TARGET_NAME)";
				SWIFT_VERSION = 3.0;
				TEST_TARGET_NAME = Final;
			};
			name = Release;
		};
/* End XCBuildConfiguration section */

/* Begin XCConfigurationList section */
		F0E5CE791EAD0E3A003FB977 /* Build configuration list for PBXProject "Final" */ = {
			isa = XCConfigurationList;
			buildConfigurations = (
				F0E5CEA41EAD0E3A003FB977 /* Debug */,
				F0E5CEA51EAD0E3A003FB977 /* Release */,
			);
			defaultConfigurationIsVisible = 0;
			defaultConfigurationName = Release;
		};
		F0E5CEA61EAD0E3A003FB977 /* Build configuration list for PBXNativeTarget "Final" */ = {
			isa = XCConfigurationList;
			buildConfigurations = (
				F0E5CEA71EAD0E3A003FB977 /* Debug */,
				F0E5CEA81EAD0E3A003FB977 /* Release */,
			);
			defaultConfigurationIsVisible = 0;
			defaultConfigurationName = Release;
		};
		F0E5CEA91EAD0E3A003FB977 /* Build configuration list for PBXNativeTarget "FinalTests" */ = {
			isa = XCConfigurationList;
			buildConfigurations = (
				F0E5CEAA1EAD0E3A003FB977 /* Debug */,
				F0E5CEAB1EAD0E3A003FB977 /* Release */,
			);
			defaultConfigurationIsVisible = 0;
			defaultConfigurationName = Release;
		};
		F0E5CEAC1EAD0E3A003FB977 /* Build configuration list for PBXNativeTarget "FinalUITests" */ = {
			isa = XCConfigurationList;
			buildConfigurations = (
				F0E5CEAD1EAD0E3A003FB977 /* Debug */,
				F0E5CEAE1EAD0E3A003FB977 /* Release */,
			);
			defaultConfigurationIsVisible = 0;
			defaultConfigurationName = Release;
		};
/* End XCConfigurationList section */
	};
	rootObject = F0E5CE761EAD0E3A003FB977 /* Project object */;
}
